{
  "name": "ec2-cdk",
  "version": "0.1.0",
  "lockfileVersion": 1,
  "requires": true,
  "dependencies": {
    "@aws-cdk/assets": {
      "version": "1.124.0",
      "resolved": "https://registry.npmjs.org/@aws-cdk/assets/-/assets-1.124.0.tgz",
      "integrity": "sha512-3ObGSa+DAwBO0B81IWuGyjIveFak/eZjARKDR0ZxWqXXotrtC2NzT/cHsscqwLzTw0WdDBT9JT/r3ib+PxzZ7g==",
      "requires": {
        "@aws-cdk/core": "1.124.0",
        "@aws-cdk/cx-api": "1.124.0",
        "constructs": "^3.3.69"
      }
    },
    "@aws-cdk/aws-applicationautoscaling": {
      "version": "1.124.0",
      "resolved": "https://registry.npmjs.org/@aws-cdk/aws-applicationautoscaling/-/aws-applicationautoscaling-1.124.0.tgz",
      "integrity": "sha512-gllRWs1PzmF2b+YjexjNx5fOKGJi9MfT3ggdPl/kVBbyc7qhyC6p6RVB0Q+FcTF9p0vM7ATAJgYN3eBzlB04/w==",
      "requires": {
        "@aws-cdk/aws-autoscaling-common": "1.124.0",
        "@aws-cdk/aws-cloudwatch": "1.124.0",
        "@aws-cdk/aws-iam": "1.124.0",
        "@aws-cdk/core": "1.124.0",
        "constructs": "^3.3.69"
      }
    },
    "@aws-cdk/aws-autoscaling-common": {
      "version": "1.124.0",
      "resolved": "https://registry.npmjs.org/@aws-cdk/aws-autoscaling-common/-/aws-autoscaling-common-1.124.0.tgz",
      "integrity": "sha512-Ef+YT0GSXtkc0jTwXmNqjbUtjHXgIg5FSt4lkfWRe2DzG/AeCEZDY0s+yUJMn6tXk1ubmqgIZO/i0VhTq8nW/g==",
      "requires": {
        "@aws-cdk/aws-iam": "1.124.0",
        "@aws-cdk/core": "1.124.0",
        "constructs": "^3.3.69"
      }
    },
    "@aws-cdk/aws-cloudwatch": {
      "version": "1.124.0",
      "resolved": "https://registry.npmjs.org/@aws-cdk/aws-cloudwatch/-/aws-cloudwatch-1.124.0.tgz",
      "integrity": "sha512-+CeTPF9U+lb6sR40JacovT+/fAaxxCuEa6GCOEiwDqX3vJD5zlYQ4Aj58cvuY7jUB48aavk+aSpgS/DCIepFOw==",
      "requires": {
        "@aws-cdk/aws-iam": "1.124.0",
        "@aws-cdk/core": "1.124.0",
        "constructs": "^3.3.69"
      }
    },
    "@aws-cdk/aws-codeguruprofiler": {
      "version": "1.124.0",
      "resolved": "https://registry.npmjs.org/@aws-cdk/aws-codeguruprofiler/-/aws-codeguruprofiler-1.124.0.tgz",
      "integrity": "sha512-KSbxNZeIkp0C9PoSCpJAgFvX5BlrjRS62L9mMwaZZ3atzlrKJdvOhUPJ512UcA+y8GrsK4AU8cKlCznEtSWcsw==",
      "requires": {
        "@aws-cdk/aws-iam": "1.124.0",
        "@aws-cdk/core": "1.124.0",
        "constructs": "^3.3.69"
      }
    },
    "@aws-cdk/aws-ec2": {
      "version": "1.124.0",
      "resolved": "https://registry.npmjs.org/@aws-cdk/aws-ec2/-/aws-ec2-1.124.0.tgz",
      "integrity": "sha512-G7h7jhbK5DUrPvxb7DXh3/ZPR1UtVaek6Hgd7/gV1oySbCEmxkPcJuODB/4rWe7CJHDNZJm1K1fldB1lDjpBsQ==",
      "requires": {
        "@aws-cdk/aws-cloudwatch": "1.124.0",
        "@aws-cdk/aws-iam": "1.124.0",
        "@aws-cdk/aws-kms": "1.124.0",
        "@aws-cdk/aws-logs": "1.124.0",
        "@aws-cdk/aws-s3": "1.124.0",
        "@aws-cdk/aws-s3-assets": "1.124.0",
        "@aws-cdk/aws-ssm": "1.124.0",
        "@aws-cdk/cloud-assembly-schema": "1.124.0",
        "@aws-cdk/core": "1.124.0",
        "@aws-cdk/cx-api": "1.124.0",
        "@aws-cdk/region-info": "1.124.0",
        "constructs": "^3.3.69"
      }
    },
    "@aws-cdk/aws-ecr": {
      "version": "1.124.0",
      "resolved": "https://registry.npmjs.org/@aws-cdk/aws-ecr/-/aws-ecr-1.124.0.tgz",
      "integrity": "sha512-0MjU7r4CdGvKDcQHfwopihTBXE72Mnr05mmanZPOZ6JL1PwHqLGaeRODgaVF1v4GAw5v3zDoKx+LThCq833CUg==",
      "requires": {
        "@aws-cdk/aws-events": "1.124.0",
        "@aws-cdk/aws-iam": "1.124.0",
        "@aws-cdk/core": "1.124.0",
        "constructs": "^3.3.69"
      }
    },
    "@aws-cdk/aws-ecr-assets": {
      "version": "1.124.0",
      "resolved": "https://registry.npmjs.org/@aws-cdk/aws-ecr-assets/-/aws-ecr-assets-1.124.0.tgz",
      "integrity": "sha512-wsajG5+wqwZ9+0dS18bCtVe4X6noJT8WKNNoe8nSk2UkUZwtt0J56Y9P7qtCrnMQFysBjIH0EP7jT6BUIAq01Q==",
      "requires": {
        "@aws-cdk/assets": "1.124.0",
        "@aws-cdk/aws-ecr": "1.124.0",
        "@aws-cdk/aws-iam": "1.124.0",
        "@aws-cdk/aws-s3": "1.124.0",
        "@aws-cdk/core": "1.124.0",
        "@aws-cdk/cx-api": "1.124.0",
        "constructs": "^3.3.69",
        "minimatch": "^3.0.4"
      },
      "dependencies": {
        "balanced-match": {
          "version": "1.0.2",
          "bundled": true
        },
        "brace-expansion": {
          "version": "1.1.11",
          "bundled": true,
          "requires": {
            "balanced-match": "^1.0.0",
            "concat-map": "0.0.1"
          }
        },
        "concat-map": {
          "version": "0.0.1",
          "bundled": true
        },
        "minimatch": {
          "version": "3.0.4",
          "bundled": true,
          "requires": {
            "brace-expansion": "^1.1.7"
          }
        }
      }
    },
    "@aws-cdk/aws-efs": {
      "version": "1.124.0",
      "resolved": "https://registry.npmjs.org/@aws-cdk/aws-efs/-/aws-efs-1.124.0.tgz",
      "integrity": "sha512-bhzFlyTcFTxPO4eEqHh06DFR7kxqtUcTZe9Wbd/gGrksJIU6LpmFOvGzuxBtDb/YyrjQmDc3yU+aeQo9htCm6A==",
      "requires": {
        "@aws-cdk/aws-ec2": "1.124.0",
        "@aws-cdk/aws-iam": "1.124.0",
        "@aws-cdk/aws-kms": "1.124.0",
        "@aws-cdk/cloud-assembly-schema": "1.124.0",
        "@aws-cdk/core": "1.124.0",
        "@aws-cdk/cx-api": "1.124.0",
        "constructs": "^3.3.69"
      }
    },
    "@aws-cdk/aws-events": {
      "version": "1.124.0",
      "resolved": "https://registry.npmjs.org/@aws-cdk/aws-events/-/aws-events-1.124.0.tgz",
      "integrity": "sha512-zF1RWh6YdGdns0zbym6b3mnp0LNsX0lPfyronHHZuHcybnPFLaCbHyUUZaw2iKnztIid4tGxnpKgxkfBIr/MsQ==",
      "requires": {
        "@aws-cdk/aws-iam": "1.124.0",
        "@aws-cdk/core": "1.124.0",
        "constructs": "^3.3.69"
      }
    },
    "@aws-cdk/aws-iam": {
      "version": "1.124.0",
      "resolved": "https://registry.npmjs.org/@aws-cdk/aws-iam/-/aws-iam-1.124.0.tgz",
      "integrity": "sha512-fuN+M7y/t8GH9KVgui84yTCM1zz7m/MZU/8a8lggkiP9j0d/wKiDq/vtiyvuNvPr0Mow9gFOB1y3DCunF48IwQ==",
      "requires": {
        "@aws-cdk/core": "1.124.0",
        "@aws-cdk/region-info": "1.124.0",
        "constructs": "^3.3.69"
      }
    },
    "@aws-cdk/aws-kms": {
      "version": "1.124.0",
      "resolved": "https://registry.npmjs.org/@aws-cdk/aws-kms/-/aws-kms-1.124.0.tgz",
      "integrity": "sha512-fsJCcRGZFGRruK0o3LbklHtMGV4rEvmDRLkEbWXu/U8sfn2uEF7MfdQHKjpVhkNT33pGTeEwYUO+vneZZsXfew==",
      "requires": {
        "@aws-cdk/aws-iam": "1.124.0",
        "@aws-cdk/cloud-assembly-schema": "1.124.0",
        "@aws-cdk/core": "1.124.0",
        "@aws-cdk/cx-api": "1.124.0",
        "constructs": "^3.3.69"
      }
    },
    "@aws-cdk/aws-lambda": {
      "version": "1.124.0",
      "resolved": "https://registry.npmjs.org/@aws-cdk/aws-lambda/-/aws-lambda-1.124.0.tgz",
      "integrity": "sha512-45Ttb6JCgDAlKXc3KR2dCUVM/SCkO2YArsI/mSWb7ECt676c4Ykhmaz/Zvrnl/3/21KVkG1hjLEY7ZoLa1ExNQ==",
      "requires": {
        "@aws-cdk/aws-applicationautoscaling": "1.124.0",
        "@aws-cdk/aws-cloudwatch": "1.124.0",
        "@aws-cdk/aws-codeguruprofiler": "1.124.0",
        "@aws-cdk/aws-ec2": "1.124.0",
        "@aws-cdk/aws-ecr": "1.124.0",
        "@aws-cdk/aws-ecr-assets": "1.124.0",
        "@aws-cdk/aws-efs": "1.124.0",
        "@aws-cdk/aws-events": "1.124.0",
        "@aws-cdk/aws-iam": "1.124.0",
        "@aws-cdk/aws-kms": "1.124.0",
        "@aws-cdk/aws-logs": "1.124.0",
        "@aws-cdk/aws-s3": "1.124.0",
        "@aws-cdk/aws-s3-assets": "1.124.0",
        "@aws-cdk/aws-signer": "1.124.0",
        "@aws-cdk/aws-sqs": "1.124.0",
        "@aws-cdk/core": "1.124.0",
        "@aws-cdk/cx-api": "1.124.0",
        "@aws-cdk/region-info": "1.124.0",
        "constructs": "^3.3.69"
      }
    },
    "@aws-cdk/aws-logs": {
      "version": "1.124.0",
      "resolved": "https://registry.npmjs.org/@aws-cdk/aws-logs/-/aws-logs-1.124.0.tgz",
      "integrity": "sha512-V5SnKmueSkgzMMJH+8SWWUFp3eQjmplNDGRjXfgBVYcrQU3AAvMw9KzP+PfFnjUBH40RUFyGIhPnCH4X+yTngA==",
      "requires": {
        "@aws-cdk/aws-cloudwatch": "1.124.0",
        "@aws-cdk/aws-iam": "1.124.0",
        "@aws-cdk/aws-kms": "1.124.0",
        "@aws-cdk/aws-s3-assets": "1.124.0",
        "@aws-cdk/core": "1.124.0",
        "constructs": "^3.3.69"
      }
    },
    "@aws-cdk/aws-s3": {
      "version": "1.124.0",
      "resolved": "https://registry.npmjs.org/@aws-cdk/aws-s3/-/aws-s3-1.124.0.tgz",
      "integrity": "sha512-9S0NZrIMX9wf2snJZVrumR3eSTExAznFBA/vgnVfGulcp9O+U81TEygHPORWSSB23pUGk2e0tDRQHKsrZ4v/aA==",
      "requires": {
        "@aws-cdk/aws-events": "1.124.0",
        "@aws-cdk/aws-iam": "1.124.0",
        "@aws-cdk/aws-kms": "1.124.0",
        "@aws-cdk/core": "1.124.0",
        "@aws-cdk/cx-api": "1.124.0",
        "constructs": "^3.3.69"
      }
    },
    "@aws-cdk/aws-s3-assets": {
      "version": "1.124.0",
      "resolved": "https://registry.npmjs.org/@aws-cdk/aws-s3-assets/-/aws-s3-assets-1.124.0.tgz",
      "integrity": "sha512-tl6AyIOIWWbLcBP1jjaWIkSiG3n0L9UhDJzrD68rybNKS6qOdxlcQqvNbsZWBBmZrypU+AjlhY5vx40WbDficQ==",
      "requires": {
        "@aws-cdk/assets": "1.124.0",
        "@aws-cdk/aws-iam": "1.124.0",
        "@aws-cdk/aws-kms": "1.124.0",
        "@aws-cdk/aws-s3": "1.124.0",
        "@aws-cdk/core": "1.124.0",
        "@aws-cdk/cx-api": "1.124.0",
        "constructs": "^3.3.69"
      }
    },
    "@aws-cdk/aws-signer": {
      "version": "1.124.0",
      "resolved": "https://registry.npmjs.org/@aws-cdk/aws-signer/-/aws-signer-1.124.0.tgz",
      "integrity": "sha512-wxZxzCSAcb1WCzikiUh3KYvW8b2L0/lh77R+54rbWQYgKhUlQn+DF3IK4ngg7vVFBXtYgIKxEY2Mqf3AqbW0fw==",
      "requires": {
        "@aws-cdk/core": "1.124.0",
        "constructs": "^3.3.69"
      }
    },
    "@aws-cdk/aws-sqs": {
      "version": "1.124.0",
      "resolved": "https://registry.npmjs.org/@aws-cdk/aws-sqs/-/aws-sqs-1.124.0.tgz",
      "integrity": "sha512-yUOe+jC5fi+NHOEr3f5UHLJJxW2HRdE4aUjlF1wsAa+kwG9lecN4TlP2POTkZm0SkXeaA/4WHhhimDxKy54Djg==",
      "requires": {
        "@aws-cdk/aws-cloudwatch": "1.124.0",
        "@aws-cdk/aws-iam": "1.124.0",
        "@aws-cdk/aws-kms": "1.124.0",
        "@aws-cdk/core": "1.124.0",
        "constructs": "^3.3.69"
      }
    },
    "@aws-cdk/aws-ssm": {
      "version": "1.124.0",
      "resolved": "https://registry.npmjs.org/@aws-cdk/aws-ssm/-/aws-ssm-1.124.0.tgz",
      "integrity": "sha512-41mopAh9ZTg3SL04P0WOO1d3sCDYJL3A/fPWCxDuzizSojdI2EWqvKf/5Lu1NY1jYZG+2ls7xqgG4b8x9BDILw==",
      "requires": {
        "@aws-cdk/aws-iam": "1.124.0",
        "@aws-cdk/aws-kms": "1.124.0",
        "@aws-cdk/cloud-assembly-schema": "1.124.0",
        "@aws-cdk/core": "1.124.0",
        "constructs": "^3.3.69"
      }
    },
    "@aws-cdk/cloud-assembly-schema": {
      "version": "1.124.0",
      "resolved": "https://registry.npmjs.org/@aws-cdk/cloud-assembly-schema/-/cloud-assembly-schema-1.124.0.tgz",
      "integrity": "sha512-emrkfHetGoh6lhrT7ato06VAZun1UVYjJueL9avHxFgzX5qiobP4iWk6M0EZpk7yHlDOtJtp86MJalYYMS6Oww==",
      "requires": {
        "jsonschema": "^1.4.0",
        "semver": "^7.3.5"
      },
      "dependencies": {
        "jsonschema": {
          "version": "1.4.0",
          "bundled": true
        },
        "lru-cache": {
          "version": "6.0.0",
          "bundled": true,
          "requires": {
            "yallist": "^4.0.0"
          }
        },
        "semver": {
          "version": "7.3.5",
          "bundled": true,
          "requires": {
            "lru-cache": "^6.0.0"
          }
        },
        "yallist": {
          "version": "4.0.0",
          "bundled": true
        }
      }
    },
    "@aws-cdk/core": {
      "version": "1.124.0",
      "resolved": "https://registry.npmjs.org/@aws-cdk/core/-/core-1.124.0.tgz",
      "integrity": "sha512-QsTLvOuF+WJdtF11Bwuh+THWry7OmErs3XDaiHFweZPLMc2O3EEQvCgSKstH7Y9HUTpW7ZSGQHryxCjpTl1Wmg==",
      "requires": {
        "@aws-cdk/cloud-assembly-schema": "1.124.0",
        "@aws-cdk/cx-api": "1.124.0",
        "@aws-cdk/region-info": "1.124.0",
        "@balena/dockerignore": "^1.0.2",
        "constructs": "^3.3.69",
        "fs-extra": "^9.1.0",
        "ignore": "^5.1.8",
        "minimatch": "^3.0.4"
      },
      "dependencies": {
        "@balena/dockerignore": {
          "version": "1.0.2",
          "bundled": true
        },
        "at-least-node": {
          "version": "1.0.0",
          "bundled": true
        },
        "balanced-match": {
          "version": "1.0.2",
          "bundled": true
        },
        "brace-expansion": {
          "version": "1.1.11",
          "bundled": true,
          "requires": {
            "balanced-match": "^1.0.0",
            "concat-map": "0.0.1"
          }
        },
        "concat-map": {
          "version": "0.0.1",
          "bundled": true
        },
        "fs-extra": {
          "version": "9.1.0",
          "bundled": true,
          "requires": {
            "at-least-node": "^1.0.0",
            "graceful-fs": "^4.2.0",
            "jsonfile": "^6.0.1",
            "universalify": "^2.0.0"
          }
        },
        "graceful-fs": {
          "version": "4.2.6",
          "bundled": true
        },
        "ignore": {
          "version": "5.1.8",
          "bundled": true
        },
        "jsonfile": {
          "version": "6.1.0",
          "bundled": true,
          "requires": {
            "graceful-fs": "^4.1.6",
            "universalify": "^2.0.0"
          }
        },
        "minimatch": {
          "version": "3.0.4",
          "bundled": true,
          "requires": {
            "brace-expansion": "^1.1.7"
          }
        },
        "universalify": {
          "version": "2.0.0",
          "bundled": true
        }
      }
    },
    "@aws-cdk/cx-api": {
      "version": "1.124.0",
      "resolved": "https://registry.npmjs.org/@aws-cdk/cx-api/-/cx-api-1.124.0.tgz",
      "integrity": "sha512-InBcAoFJ0Ail7/IhJhhw2OwGyWgBv4HShRA20/czxvlQ2pOezcUxQOCJr5USM6dGvTOlDL38XVrw469m9boUzw==",
      "requires": {
        "@aws-cdk/cloud-assembly-schema": "1.124.0",
        "semver": "^7.3.5"
      },
      "dependencies": {
        "lru-cache": {
          "version": "6.0.0",
          "bundled": true,
          "requires": {
            "yallist": "^4.0.0"
          }
        },
        "semver": {
          "version": "7.3.5",
          "bundled": true,
          "requires": {
            "lru-cache": "^6.0.0"
          }
        },
        "yallist": {
          "version": "4.0.0",
          "bundled": true
        }
      }
    },
    "@aws-cdk/region-info": {
      "version": "1.124.0",
      "resolved": "https://registry.npmjs.org/@aws-cdk/region-info/-/region-info-1.124.0.tgz",
      "integrity": "sha512-v8Msal5kCv5Juscj6Dxjzx4HHiYKD3rWDLBAvaDN/V3zCNGga3s8M2aM/n7po7HLjVW333VzyuOCHBYnSrtMIg=="
    },
    "@types/node": {
      "version": "10.17.27",
      "resolved": "https://registry.npmjs.org/@types/node/-/node-10.17.27.tgz",
      "integrity": "sha512-J0oqm9ZfAXaPdwNXMMgAhylw5fhmXkToJd06vuDUSAgEDZ/n/69/69UmyBZbc+zT34UnShuDSBqvim3SPnozJg==",
      "dev": true
    },
    "buffer-from": {
      "version": "1.1.2",
      "resolved": "https://registry.npmjs.org/buffer-from/-/buffer-from-1.1.2.tgz",
      "integrity": "sha512-E+XQCRwSbaaiChtv6k6Dwgc+bx+Bs6vuKJHHl5kox/BaKbhiXzqQOwK4cO22yElGp2OCmjwVhT3HmxgyPGnJfQ=="
    },
    "cdk-ec2-key-pair": {
      "version": "2.2.1",
      "resolved": "https://registry.npmjs.org/cdk-ec2-key-pair/-/cdk-ec2-key-pair-2.2.1.tgz",
      "integrity": "sha512-2UIJwyUoeOE8YG/BBj/KW2lWXUBt39jJtJGoGFTaG2kOt4LO3lKvDPqSb9JFRw7BMp3NFVm8r4uSh4AiQ4CY3w==",
      "requires": {
        "cdk-iam-floyd": "^0.112.1"
      }
    },
    "cdk-iam-floyd": {
      "version": "0.112.1",
      "resolved": "https://registry.npmjs.org/cdk-iam-floyd/-/cdk-iam-floyd-0.112.1.tgz",
      "integrity": "sha512-5ZAalseI0recnkTz9pRF/ZuzuKEZ4xFHDgNrl3LS/kJdqEmMRPEzbqMxW77QHzTVO4NTbFZ7HsAZ/PyjtdTMUw==",
      "requires": {
        "@udondan/common-substrings": "^3.0.2",
        "regex-parser": "^2.2.11"
      },
      "dependencies": {
        "@udondan/common-substrings": {
          "version": "3.0.2",
          "bundled": true
        },
        "regex-parser": {
          "version": "2.2.11",
          "bundled": true
        }
      }
    },
    "constructs": {
      "version": "3.3.152",
      "resolved": "https://registry.npmjs.org/constructs/-/constructs-3.3.152.tgz",
      "integrity": "sha512-66ByZlrzPUeY6BQ7Zs4hX81TutaKgqiieZxP7ln9voo4e6Py9mMrx/4PVgl+bwKQNw0m4ndtbkdZexuS16tiMw=="
    },
    "source-map": {
      "version": "0.6.1",
      "resolved": "https://registry.npmjs.org/source-map/-/source-map-0.6.1.tgz",
      "integrity": "sha512-UjgapumWlbMhkBgzT7Ykc5YXUT46F0iKu8SGXq0bcwP5dz/h0Plj6enJqjz1Zbq2l5WaqYnrVbwWOWMyF3F47g=="
    },
    "source-map-support": {
      "version": "0.5.20",
      "resolved": "https://registry.npmjs.org/source-map-support/-/source-map-support-0.5.20.tgz",
      "integrity": "sha512-n1lZZ8Ve4ksRqizaBQgxXDgKwttHDhyfQjA6YZZn8+AroHbsIz+JjwxQDxbp+7y5OYCI8t1Yk7etjD9CRd2hIw==",
      "requires": {
        "buffer-from": "^1.0.0",
        "source-map": "^0.6.0"
      }
    },
    "typescript": {
      "version": "3.9.10",
      "resolved": "https://registry.npmjs.org/typescript/-/typescript-3.9.10.tgz",
      "integrity": "sha512-w6fIxVE/H1PkLKcCPsFqKE7Kv7QUwhU8qQY2MueZXWx5cPZdwFupLgKK3vntcK98BtNHZtAF4LA/yl2a7k8R6Q==",
      "dev": true
    }
  }
}
